
Microsoft Visual Studio Solution File, Format Version 12.00
# Visual Studio Version 17
VisualStudioVersion = 17.14.36511.14 d17.14
MinimumVisualStudioVersion = 10.0.40219.1
Project("{FAE04EC0-301F-11D3-BF4B-00C04F79EFBC}") = "DanmarksRadioREST", "DanmarksRadioREST\DanmarksRadioREST.csproj", "{C70F532F-7A45-4A43-BBC8-ADED5812D55D}"
EndProject
Project("{FAE04EC0-301F-11D3-BF4B-00C04F79EFBC}") = "TestProject1", "TestProject1\TestProject1.csproj", "{114ABEE9-C0D7-4BC3-AB35-0377D3D1CD37}"
EndProject
Global
	GlobalSection(SolutionConfigurationPlatforms) = preSolution
		Debug|Any CPU = Debug|Any CPU
		Release|Any CPU = Release|Any CPU
	EndGlobalSection
	GlobalSection(ProjectConfigurationPlatforms) = postSolution
		{C70F532F-7A45-4A43-BBC8-ADED5812D55D}.Debug|Any CPU.ActiveCfg = Debug|Any CPU
		{C70F532F-7A45-4A43-BBC8-ADED5812D55D}.Debug|Any CPU.Build.0 = Debug|Any CPU
		{C70F532F-7A45-4A43-BBC8-ADED5812D55D}.Release|Any CPU.ActiveCfg = Release|Any CPU
		{C70F532F-7A45-4A43-BBC8-ADED5812D55D}.Release|Any CPU.Build.0 = Release|Any CPU
		{114ABEE9-C0D7-4BC3-AB35-0377D3D1CD37}.Debug|Any CPU.ActiveCfg = Debug|Any CPU
		{114ABEE9-C0D7-4BC3-AB35-0377D3D1CD37}.Debug|Any CPU.Build.0 = Debug|Any CPU
		{114ABEE9-C0D7-4BC3-AB35-0377D3D1CD37}.Release|Any CPU.ActiveCfg = Release|Any CPU
		{114ABEE9-C0D7-4BC3-AB35-0377D3D1CD37}.Release|Any CPU.Build.0 = Release|Any CPU
	EndGlobalSection
	GlobalSection(SolutionProperties) = preSolution
		HideSolutionNode = FALSE
	EndGlobalSection
	GlobalSection(ExtensibilityGlobals) = postSolution
		SolutionGuid = {3112D68D-5145-4325-8274-512CAD7D26FD}
	EndGlobalSection
EndGlobal
